<?xml version="1.0" encoding="utf-8"?>
<Project ToolsVersion="4.0" xmlns="http://schemas.microsoft.com/developer/msbuild/2003">
  <ItemGroup>
    <Filter Include="Source Files">
      <UniqueIdentifier>{4FC737F1-C7A5-4376-A066-2A32D752A2FF}</UniqueIdentifier>
      <Extensions>cpp;c;cc;cxx;c++;cppm;ixx;def;odl;idl;hpj;bat;asm;asmx</Extensions>
    </Filter>
    <Filter Include="Header Files">
      <UniqueIdentifier>{93995380-89BD-4b04-88EB-625FBE52EBFB}</UniqueIdentifier>
      <Extensions>h;hh;hpp;hxx;h++;hm;inl;inc;ipp;xsd</Extensions>
    </Filter>
    <Filter Include="Resource Files">
      <UniqueIdentifier>{67DA6AB6-F800-4c08-8B7A-83BB121AAD01}</UniqueIdentifier>
      <Extensions>rc;ico;cur;bmp;dlg;rc2;rct;bin;rgs;gif;jpg;jpeg;jpe;resx;tiff;tif;png;wav;mfcribbon-ms</Extensions>
    </Filter>
    <Filter Include="ImGui">
      <UniqueIdentifier>{bbad549d-dfb1-4fc6-b5ef-c46bba467724}</UniqueIdentifier>
    </Filter>
    <Filter Include="Shader">
      <UniqueIdentifier>{b8cc1ef8-1c62-41c7-b454-08fdbf23a411}</UniqueIdentifier>
    </Filter>
    <Filter Include="ShaderClasses">
      <UniqueIdentifier>{06290e73-55cb-4bc9-9354-4f0cc0e76196}</UniqueIdentifier>
    </Filter>
    <Filter Include="Apps">
      <UniqueIdentifier>{856f33d7-4cca-4447-8b4a-0185072a1f79}</UniqueIdentifier>
    </Filter>
  </ItemGroup>
  <ItemGroup>
    <ClInclude Include="pch.h">
      <Filter>Header Files</Filter>
    </ClInclude>
    <ClInclude Include="ShadedPathEngine.h">
      <Filter>Header Files</Filter>
    </ClInclude>
    <ClInclude Include="Util.h">
      <Filter>Header Files</Filter>
    </ClInclude>
    <ClInclude Include="GlobalRendering.h">
      <Filter>Header Files</Filter>
    </ClInclude>
    <ClInclude Include="Files.h">
      <Filter>Header Files</Filter>
    </ClInclude>
    <ClInclude Include="ThreadResources.h">
      <Filter>Header Files</Filter>
    </ClInclude>
    <ClInclude Include="GameTime.h">
      <Filter>Header Files</Filter>
    </ClInclude>
    <ClInclude Include="Presentation.h">
      <Filter>Header Files</Filter>
    </ClInclude>
    <ClInclude Include="Shaders.h">
      <Filter>Header Files</Filter>
    </ClInclude>
    <ClInclude Include="Threads.h">
      <Filter>Header Files</Filter>
    </ClInclude>
    <ClInclude Include="imgui\imconfig.h">
      <Filter>ImGui</Filter>
    </ClInclude>
    <ClInclude Include="imgui\imgui.h">
      <Filter>ImGui</Filter>
    </ClInclude>
    <ClInclude Include="imgui\imgui_impl_glfw.h">
      <Filter>ImGui</Filter>
    </ClInclude>
    <ClInclude Include="imgui\imgui_impl_vulkan.h">
      <Filter>ImGui</Filter>
    </ClInclude>
    <ClInclude Include="imgui\imgui_internal.h">
      <Filter>ImGui</Filter>
    </ClInclude>
    <ClInclude Include="imgui\imstb_rectpack.h">
      <Filter>ImGui</Filter>
    </ClInclude>
    <ClInclude Include="imgui\imstb_textedit.h">
      <Filter>ImGui</Filter>
    </ClInclude>
    <ClInclude Include="imgui\imstb_truetype.h">
      <Filter>ImGui</Filter>
    </ClInclude>
    <ClInclude Include="ui.h">
      <Filter>Header Files</Filter>
    </ClInclude>
    <ClInclude Include="Texture.h">
      <Filter>Header Files</Filter>
    </ClInclude>
    <ClInclude Include="VR.h">
      <Filter>Header Files</Filter>
    </ClInclude>
    <ClInclude Include="Camera.h">
      <Filter>Header Files</Filter>
    </ClInclude>
    <ClInclude Include="World.h">
      <Filter>Header Files</Filter>
    </ClInclude>
    <ClInclude Include="ShaderBase.h">
      <Filter>Header Files</Filter>
    </ClInclude>
    <ClInclude Include="LineShader.h">
      <Filter>ShaderClasses</Filter>
    </ClInclude>
    <ClInclude Include="SimpleShader.h">
      <Filter>ShaderClasses</Filter>
    </ClInclude>
    <ClInclude Include="ClearShader.h">
      <Filter>ShaderClasses</Filter>
    </ClInclude>
    <ClInclude Include="UIShader.h">
      <Filter>ShaderClasses</Filter>
    </ClInclude>
    <ClInclude Include="SimpleApp.h">
      <Filter>Apps</Filter>
    </ClInclude>
    <ClInclude Include="DeviceCoordApp.h">
      <Filter>Apps</Filter>
    </ClInclude>
  </ItemGroup>
  <ItemGroup>
    <ClCompile Include="pch.cpp">
      <Filter>Source Files</Filter>
    </ClCompile>
    <ClCompile Include="ShadedPathEngine.cpp">
      <Filter>Source Files</Filter>
    </ClCompile>
    <ClCompile Include="Util.cpp">
      <Filter>Source Files</Filter>
    </ClCompile>
    <ClCompile Include="GlobalRendering.cpp">
      <Filter>Source Files</Filter>
    </ClCompile>
    <ClCompile Include="Files.cpp">
      <Filter>Source Files</Filter>
    </ClCompile>
    <ClCompile Include="ThreadResources.cpp">
      <Filter>Source Files</Filter>
    </ClCompile>
    <ClCompile Include="GameTime.cpp">
      <Filter>Source Files</Filter>
    </ClCompile>
    <ClCompile Include="Presentation.cpp">
      <Filter>Source Files</Filter>
    </ClCompile>
    <ClCompile Include="Shaders.cpp">
      <Filter>Source Files</Filter>
    </ClCompile>
    <ClCompile Include="Threads.cpp">
      <Filter>Source Files</Filter>
    </ClCompile>
    <ClCompile Include="imgui\imgui.cpp">
      <Filter>ImGui</Filter>
    </ClCompile>
    <ClCompile Include="imgui\imgui_demo.cpp">
      <Filter>ImGui</Filter>
    </ClCompile>
    <ClCompile Include="imgui\imgui_draw.cpp">
      <Filter>ImGui</Filter>
    </ClCompile>
    <ClCompile Include="imgui\imgui_impl_glfw.cpp">
      <Filter>ImGui</Filter>
    </ClCompile>
    <ClCompile Include="imgui\imgui_impl_vulkan.cpp">
      <Filter>ImGui</Filter>
    </ClCompile>
    <ClCompile Include="imgui\imgui_tables.cpp">
      <Filter>ImGui</Filter>
    </ClCompile>
    <ClCompile Include="imgui\imgui_widgets.cpp">
      <Filter>ImGui</Filter>
    </ClCompile>
    <ClCompile Include="ui.cpp">
      <Filter>Source Files</Filter>
    </ClCompile>
    <ClCompile Include="Texture.cpp">
      <Filter>Source Files</Filter>
    </ClCompile>
    <ClCompile Include="VR.cpp">
      <Filter>Source Files</Filter>
    </ClCompile>
    <ClCompile Include="World.cpp">
      <Filter>Source Files</Filter>
    </ClCompile>
    <ClCompile Include="ShaderBase.cpp">
      <Filter>Source Files</Filter>
    </ClCompile>
    <ClCompile Include="SimpleShader.cpp">
      <Filter>ShaderClasses</Filter>
    </ClCompile>
    <ClCompile Include="LineShader.cpp">
      <Filter>ShaderClasses</Filter>
    </ClCompile>
    <ClCompile Include="ClearShader.cpp">
      <Filter>ShaderClasses</Filter>
    </ClCompile>
    <ClCompile Include="UIShader.cpp">
      <Filter>ShaderClasses</Filter>
    </ClCompile>
    <ClCompile Include="SimpleApp.cpp">
      <Filter>Apps</Filter>
    </ClCompile>
    <ClCompile Include="DeviceCoordApp.cpp">
      <Filter>Apps</Filter>
    </ClCompile>
  </ItemGroup>
  <ItemGroup>
    <CustomBuild Include="..\ShadedPathVLib\shader\triangle.vert">
      <Filter>Shader</Filter>
    </CustomBuild>
    <CustomBuild Include="..\ShadedPathVLib\shader\triangle.frag">
      <Filter>Shader</Filter>
    </CustomBuild>
    <CustomBuild Include="..\ShadedPathVLib\shader\line.frag">
      <Filter>Shader</Filter>
    </CustomBuild>
    <CustomBuild Include="..\ShadedPathVLib\shader\line.vert">
      <Filter>Shader</Filter>
    </CustomBuild>
  </ItemGroup>
  <ItemGroup>
    <None Include="packages.config" />
    <None Include="$(OpenXRLoaderBinaryRoot)\bin\openxr_loader.dll" />
  </ItemGroup>
</Project>